// !$*UTF8*$!
{
	archiveVersion = 1;
	classes = {
	};
	objectVersion = 51;
	objects = {

/* Begin PBXBuildFile section */
		2525351D2648F84900A7D1AC /* CommentCell.swift in Sources */ = {isa = PBXBuildFile; fileRef = 2525351C2648F84800A7D1AC /* CommentCell.swift */; };
		252C5BE92636520C00E39CDE /* AppDelegate.swift in Sources */ = {isa = PBXBuildFile; fileRef = 252C5BE82636520C00E39CDE /* AppDelegate.swift */; };
		252C5BEB2636520D00E39CDE /* SceneDelegate.swift in Sources */ = {isa = PBXBuildFile; fileRef = 252C5BEA2636520C00E39CDE /* SceneDelegate.swift */; };
		252C5BF02636520D00E39CDE /* Main.storyboard in Resources */ = {isa = PBXBuildFile; fileRef = 252C5BEE2636520D00E39CDE /* Main.storyboard */; };
		252C5BF22636520F00E39CDE /* Assets.xcassets in Resources */ = {isa = PBXBuildFile; fileRef = 252C5BF12636520F00E39CDE /* Assets.xcassets */; };
		252C5BF52636520F00E39CDE /* LaunchScreen.storyboard in Resources */ = {isa = PBXBuildFile; fileRef = 252C5BF32636520F00E39CDE /* LaunchScreen.storyboard */; };
		252C5C002636520F00E39CDE /* parstagramTests.swift in Sources */ = {isa = PBXBuildFile; fileRef = 252C5BFF2636520F00E39CDE /* parstagramTests.swift */; };
		252C5C0B2636520F00E39CDE /* parstagramUITests.swift in Sources */ = {isa = PBXBuildFile; fileRef = 252C5C0A2636520F00E39CDE /* parstagramUITests.swift */; };
		25EB0BFC263A26FD00383D6E /* LoginViewController.swift in Sources */ = {isa = PBXBuildFile; fileRef = 25EB0BFB263A26FD00383D6E /* LoginViewController.swift */; };
		25EB0C01263A270A00383D6E /* FeedViewController.swift in Sources */ = {isa = PBXBuildFile; fileRef = 25EB0C00263A270A00383D6E /* FeedViewController.swift */; };
		25F1A97F2640EC2F00A552D5 /* CameraViewController.swift in Sources */ = {isa = PBXBuildFile; fileRef = 25F1A97E2640EC2F00A552D5 /* CameraViewController.swift */; };
		25F1A98F2642660C00A552D5 /* PostCell.swift in Sources */ = {isa = PBXBuildFile; fileRef = 25F1A98E2642660C00A552D5 /* PostCell.swift */; };
		76506CEBD17661CF77DE1EA5 /* Pods_parstagram.framework in Frameworks */ = {isa = PBXBuildFile; fileRef = 04B5F51770239ACD9E99C930 /* Pods_parstagram.framework */; };
		78FE113307D07D20184C7EBD /* Pods_parstagram_parstagramUITests.framework in Frameworks */ = {isa = PBXBuildFile; fileRef = 78137F9A6910B476E22B9208 /* Pods_parstagram_parstagramUITests.framework */; };
		7C09B26E5ED9A1EC664FD693 /* Pods_parstagramTests.framework in Frameworks */ = {isa = PBXBuildFile; fileRef = 08B1F0C30D192AA1A40FC945 /* Pods_parstagramTests.framework */; };
/* End PBXBuildFile section */

/* Begin PBXContainerItemProxy section */
		252C5BFC2636520F00E39CDE /* PBXContainerItemProxy */ = {
			isa = PBXContainerItemProxy;
			containerPortal = 252C5BDD2636520C00E39CDE /* Project object */;
			proxyType = 1;
			remoteGlobalIDString = 252C5BE42636520C00E39CDE;
			remoteInfo = parstagram;
		};
		252C5C072636520F00E39CDE /* PBXContainerItemProxy */ = {
			isa = PBXContainerItemProxy;
			containerPortal = 252C5BDD2636520C00E39CDE /* Project object */;
			proxyType = 1;
			remoteGlobalIDString = 252C5BE42636520C00E39CDE;
			remoteInfo = parstagram;
		};
/* End PBXContainerItemProxy section */

/* Begin PBXFileReference section */
		04B5F51770239ACD9E99C930 /* Pods_parstagram.framework */ = {isa = PBXFileReference; explicitFileType = wrapper.framework; includeInIndex = 0; path = Pods_parstagram.framework; sourceTree = BUILT_PRODUCTS_DIR; };
		08B1F0C30D192AA1A40FC945 /* Pods_parstagramTests.framework */ = {isa = PBXFileReference; explicitFileType = wrapper.framework; includeInIndex = 0; path = Pods_parstagramTests.framework; sourceTree = BUILT_PRODUCTS_DIR; };
		2525351C2648F84800A7D1AC /* CommentCell.swift */ = {isa = PBXFileReference; lastKnownFileType = sourcecode.swift; path = CommentCell.swift; sourceTree = "<group>"; };
		252C5BE52636520C00E39CDE /* parstagram.app */ = {isa = PBXFileReference; explicitFileType = wrapper.application; includeInIndex = 0; path = parstagram.app; sourceTree = BUILT_PRODUCTS_DIR; };
		252C5BE82636520C00E39CDE /* AppDelegate.swift */ = {isa = PBXFileReference; lastKnownFileType = sourcecode.swift; path = AppDelegate.swift; sourceTree = "<group>"; };
		252C5BEA2636520C00E39CDE /* SceneDelegate.swift */ = {isa = PBXFileReference; lastKnownFileType = sourcecode.swift; path = SceneDelegate.swift; sourceTree = "<group>"; };
		252C5BEF2636520D00E39CDE /* Base */ = {isa = PBXFileReference; lastKnownFileType = file.storyboard; name = Base; path = Base.lproj/Main.storyboard; sourceTree = "<group>"; };
		252C5BF12636520F00E39CDE /* Assets.xcassets */ = {isa = PBXFileReference; lastKnownFileType = folder.assetcatalog; path = Assets.xcassets; sourceTree = "<group>"; };
		252C5BF42636520F00E39CDE /* Base */ = {isa = PBXFileReference; lastKnownFileType = file.storyboard; name = Base; path = Base.lproj/LaunchScreen.storyboard; sourceTree = "<group>"; };
		252C5BF62636520F00E39CDE /* Info.plist */ = {isa = PBXFileReference; lastKnownFileType = text.plist.xml; path = Info.plist; sourceTree = "<group>"; };
		252C5BFB2636520F00E39CDE /* parstagramTests.xctest */ = {isa = PBXFileReference; explicitFileType = wrapper.cfbundle; includeInIndex = 0; path = parstagramTests.xctest; sourceTree = BUILT_PRODUCTS_DIR; };
		252C5BFF2636520F00E39CDE /* parstagramTests.swift */ = {isa = PBXFileReference; lastKnownFileType = sourcecode.swift; path = parstagramTests.swift; sourceTree = "<group>"; };
		252C5C012636520F00E39CDE /* Info.plist */ = {isa = PBXFileReference; lastKnownFileType = text.plist.xml; path = Info.plist; sourceTree = "<group>"; };
		252C5C062636520F00E39CDE /* parstagramUITests.xctest */ = {isa = PBXFileReference; explicitFileType = wrapper.cfbundle; includeInIndex = 0; path = parstagramUITests.xctest; sourceTree = BUILT_PRODUCTS_DIR; };
		252C5C0A2636520F00E39CDE /* parstagramUITests.swift */ = {isa = PBXFileReference; lastKnownFileType = sourcecode.swift; path = parstagramUITests.swift; sourceTree = "<group>"; };
		252C5C0C2636520F00E39CDE /* Info.plist */ = {isa = PBXFileReference; lastKnownFileType = text.plist.xml; path = Info.plist; sourceTree = "<group>"; };
		25EB0BFB263A26FD00383D6E /* LoginViewController.swift */ = {isa = PBXFileReference; lastKnownFileType = sourcecode.swift; path = LoginViewController.swift; sourceTree = "<group>"; };
		25EB0C00263A270A00383D6E /* FeedViewController.swift */ = {isa = PBXFileReference; lastKnownFileType = sourcecode.swift; path = FeedViewController.swift; sourceTree = "<group>"; };
		25F1A97E2640EC2F00A552D5 /* CameraViewController.swift */ = {isa = PBXFileReference; lastKnownFileType = sourcecode.swift; path = CameraViewController.swift; sourceTree = "<group>"; };
		25F1A98E2642660C00A552D5 /* PostCell.swift */ = {isa = PBXFileReference; lastKnownFileType = sourcecode.swift; path = PostCell.swift; sourceTree = "<group>"; };
		37E018B4523A62363125D4AA /* Pods-parstagram.release.xcconfig */ = {isa = PBXFileReference; includeInIndex = 1; lastKnownFileType = text.xcconfig; name = "Pods-parstagram.release.xcconfig"; path = "Target Support Files/Pods-parstagram/Pods-parstagram.release.xcconfig"; sourceTree = "<group>"; };
		477398DAE237A4AEC291EB5F /* Pods-parstagramTests.release.xcconfig */ = {isa = PBXFileReference; includeInIndex = 1; lastKnownFileType = text.xcconfig; name = "Pods-parstagramTests.release.xcconfig"; path = "Target Support Files/Pods-parstagramTests/Pods-parstagramTests.release.xcconfig"; sourceTree = "<group>"; };
		645E324688E85BCF4683BD87 /* Pods-parstagramTests.debug.xcconfig */ = {isa = PBXFileReference; includeInIndex = 1; lastKnownFileType = text.xcconfig; name = "Pods-parstagramTests.debug.xcconfig"; path = "Target Support Files/Pods-parstagramTests/Pods-parstagramTests.debug.xcconfig"; sourceTree = "<group>"; };
		78137F9A6910B476E22B9208 /* Pods_parstagram_parstagramUITests.framework */ = {isa = PBXFileReference; explicitFileType = wrapper.framework; includeInIndex = 0; path = Pods_parstagram_parstagramUITests.framework; sourceTree = BUILT_PRODUCTS_DIR; };
		819462D215CC9C711F861638 /* Pods-parstagram-parstagramUITests.debug.xcconfig */ = {isa = PBXFileReference; includeInIndex = 1; lastKnownFileType = text.xcconfig; name = "Pods-parstagram-parstagramUITests.debug.xcconfig"; path = "Target Support Files/Pods-parstagram-parstagramUITests/Pods-parstagram-parstagramUITests.debug.xcconfig"; sourceTree = "<group>"; };
		A28A455B7BB5A3F532E280D7 /* Pods-parstagram-parstagramUITests.release.xcconfig */ = {isa = PBXFileReference; includeInIndex = 1; lastKnownFileType = text.xcconfig; name = "Pods-parstagram-parstagramUITests.release.xcconfig"; path = "Target Support Files/Pods-parstagram-parstagramUITests/Pods-parstagram-parstagramUITests.release.xcconfig"; sourceTree = "<group>"; };
		CBF3355E015211676A524C4A /* Pods-parstagram.debug.xcconfig */ = {isa = PBXFileReference; includeInIndex = 1; lastKnownFileType = text.xcconfig; name = "Pods-parstagram.debug.xcconfig"; path = "Target Support Files/Pods-parstagram/Pods-parstagram.debug.xcconfig"; sourceTree = "<group>"; };
/* End PBXFileReference section */

/* Begin PBXFrameworksBuildPhase section */
		252C5BE22636520C00E39CDE /* Frameworks */ = {
			isa = PBXFrameworksBuildPhase;
			buildActionMask = 2147483647;
			files = (
				76506CEBD17661CF77DE1EA5 /* Pods_parstagram.framework in Frameworks */,
			);
			runOnlyForDeploymentPostprocessing = 0;
		};
		252C5BF82636520F00E39CDE /* Frameworks */ = {
			isa = PBXFrameworksBuildPhase;
			buildActionMask = 2147483647;
			files = (
				7C09B26E5ED9A1EC664FD693 /* Pods_parstagramTests.framework in Frameworks */,
			);
			runOnlyForDeploymentPostprocessing = 0;
		};
		252C5C032636520F00E39CDE /* Frameworks */ = {
			isa = PBXFrameworksBuildPhase;
			buildActionMask = 2147483647;
			files = (
				78FE113307D07D20184C7EBD /* Pods_parstagram_parstagramUITests.framework in Frameworks */,
			);
			runOnlyForDeploymentPostprocessing = 0;
		};
/* End PBXFrameworksBuildPhase section */

/* Begin PBXGroup section */
		252C5BDC2636520C00E39CDE = {
			isa = PBXGroup;
			children = (
				252C5BE72636520C00E39CDE /* parstagram */,
				252C5BFE2636520F00E39CDE /* parstagramTests */,
				252C5C092636520F00E39CDE /* parstagramUITests */,
				252C5BE62636520C00E39CDE /* Products */,
				D56828EF776ECE3C1F2A1691 /* Pods */,
				3E78092D3B582ACD510BE3A8 /* Frameworks */,
			);
			sourceTree = "<group>";
		};
		252C5BE62636520C00E39CDE /* Products */ = {
			isa = PBXGroup;
			children = (
				252C5BE52636520C00E39CDE /* parstagram.app */,
				252C5BFB2636520F00E39CDE /* parstagramTests.xctest */,
				252C5C062636520F00E39CDE /* parstagramUITests.xctest */,
			);
			name = Products;
			sourceTree = "<group>";
		};
		252C5BE72636520C00E39CDE /* parstagram */ = {
			isa = PBXGroup;
			children = (
				252C5BE82636520C00E39CDE /* AppDelegate.swift */,
				252C5BEA2636520C00E39CDE /* SceneDelegate.swift */,
				252C5BEE2636520D00E39CDE /* Main.storyboard */,
				252C5BF12636520F00E39CDE /* Assets.xcassets */,
				252C5BF32636520F00E39CDE /* LaunchScreen.storyboard */,
				252C5BF62636520F00E39CDE /* Info.plist */,
				25EB0BFB263A26FD00383D6E /* LoginViewController.swift */,
				25EB0C00263A270A00383D6E /* FeedViewController.swift */,
				25F1A97E2640EC2F00A552D5 /* CameraViewController.swift */,
				25F1A98E2642660C00A552D5 /* PostCell.swift */,
				2525351C2648F84800A7D1AC /* CommentCell.swift */,
			);
			path = parstagram;
			sourceTree = "<group>";
		};
		252C5BFE2636520F00E39CDE /* parstagramTests */ = {
			isa = PBXGroup;
			children = (
				252C5BFF2636520F00E39CDE /* parstagramTests.swift */,
				252C5C012636520F00E39CDE /* Info.plist */,
			);
			path = parstagramTests;
			sourceTree = "<group>";
		};
		252C5C092636520F00E39CDE /* parstagramUITests */ = {
			isa = PBXGroup;
			children = (
				252C5C0A2636520F00E39CDE /* parstagramUITests.swift */,
				252C5C0C2636520F00E39CDE /* Info.plist */,
			);
			path = parstagramUITests;
			sourceTree = "<group>";
		};
		3E78092D3B582ACD510BE3A8 /* Frameworks */ = {
			isa = PBXGroup;
			children = (
				04B5F51770239ACD9E99C930 /* Pods_parstagram.framework */,
				78137F9A6910B476E22B9208 /* Pods_parstagram_parstagramUITests.framework */,
				08B1F0C30D192AA1A40FC945 /* Pods_parstagramTests.framework */,
			);
			name = Frameworks;
			sourceTree = "<group>";
		};
		D56828EF776ECE3C1F2A1691 /* Pods */ = {
			isa = PBXGroup;
			children = (
				CBF3355E015211676A524C4A /* Pods-parstagram.debug.xcconfig */,
				37E018B4523A62363125D4AA /* Pods-parstagram.release.xcconfig */,
				819462D215CC9C711F861638 /* Pods-parstagram-parstagramUITests.debug.xcconfig */,
				A28A455B7BB5A3F532E280D7 /* Pods-parstagram-parstagramUITests.release.xcconfig */,
				645E324688E85BCF4683BD87 /* Pods-parstagramTests.debug.xcconfig */,
				477398DAE237A4AEC291EB5F /* Pods-parstagramTests.release.xcconfig */,
			);
			path = Pods;
			sourceTree = "<group>";
		};
/* End PBXGroup section */

/* Begin PBXNativeTarget section */
		252C5BE42636520C00E39CDE /* parstagram */ = {
			isa = PBXNativeTarget;
			buildConfigurationList = 252C5C0F2636520F00E39CDE /* Build configuration list for PBXNativeTarget "parstagram" */;
			buildPhases = (
				3E04AA9F07E8D9AF1C3707D0 /* [CP] Check Pods Manifest.lock */,
				252C5BE12636520C00E39CDE /* Sources */,
				252C5BE22636520C00E39CDE /* Frameworks */,
				252C5BE32636520C00E39CDE /* Resources */,
				1AD7D577C6C2336C64B0CAD0 /* [CP] Embed Pods Frameworks */,
			);
			buildRules = (
			);
			dependencies = (
			);
			name = parstagram;
			productName = parstagram;
			productReference = 252C5BE52636520C00E39CDE /* parstagram.app */;
			productType = "com.apple.product-type.application";
		};
		252C5BFA2636520F00E39CDE /* parstagramTests */ = {
			isa = PBXNativeTarget;
			buildConfigurationList = 252C5C122636520F00E39CDE /* Build configuration list for PBXNativeTarget "parstagramTests" */;
			buildPhases = (
				E637A5CD78DEAD3D1568B8B0 /* [CP] Check Pods Manifest.lock */,
				252C5BF72636520F00E39CDE /* Sources */,
				252C5BF82636520F00E39CDE /* Frameworks */,
				252C5BF92636520F00E39CDE /* Resources */,
			);
			buildRules = (
			);
			dependencies = (
				252C5BFD2636520F00E39CDE /* PBXTargetDependency */,
			);
			name = parstagramTests;
			productName = parstagramTests;
			productReference = 252C5BFB2636520F00E39CDE /* parstagramTests.xctest */;
			productType = "com.apple.product-type.bundle.unit-test";
		};
		252C5C052636520F00E39CDE /* parstagramUITests */ = {
			isa = PBXNativeTarget;
			buildConfigurationList = 252C5C152636520F00E39CDE /* Build configuration list for PBXNativeTarget "parstagramUITests" */;
			buildPhases = (
				4AF5A283790C311250428700 /* [CP] Check Pods Manifest.lock */,
				252C5C022636520F00E39CDE /* Sources */,
				252C5C032636520F00E39CDE /* Frameworks */,
				252C5C042636520F00E39CDE /* Resources */,
				8264714601F173DE103ADB8A /* [CP] Embed Pods Frameworks */,
			);
			buildRules = (
			);
			dependencies = (
				252C5C082636520F00E39CDE /* PBXTargetDependency */,
			);
			name = parstagramUITests;
			productName = parstagramUITests;
			productReference = 252C5C062636520F00E39CDE /* parstagramUITests.xctest */;
			productType = "com.apple.product-type.bundle.ui-testing";
		};
/* End PBXNativeTarget section */

/* Begin PBXProject section */
		252C5BDD2636520C00E39CDE /* Project object */ = {
			isa = PBXProject;
			attributes = {
				LastSwiftUpdateCheck = 1240;
				LastUpgradeCheck = 1240;
				TargetAttributes = {
					252C5BE42636520C00E39CDE = {
						CreatedOnToolsVersion = 12.4;
					};
					252C5BFA2636520F00E39CDE = {
						CreatedOnToolsVersion = 12.4;
						TestTargetID = 252C5BE42636520C00E39CDE;
					};
					252C5C052636520F00E39CDE = {
						CreatedOnToolsVersion = 12.4;
						TestTargetID = 252C5BE42636520C00E39CDE;
					};
				};
			};
			buildConfigurationList = 252C5BE02636520C00E39CDE /* Build configuration list for PBXProject "parstagram" */;
			compatibilityVersion = "Xcode 9.3";
			developmentRegion = en;
			hasScannedForEncodings = 0;
			knownRegions = (
				en,
				Base,
			);
			mainGroup = 252C5BDC2636520C00E39CDE;
			productRefGroup = 252C5BE62636520C00E39CDE /* Products */;
			projectDirPath = "";
			projectRoot = "";
			targets = (
				252C5BE42636520C00E39CDE /* parstagram */,
				252C5BFA2636520F00E39CDE /* parstagramTests */,
				252C5C052636520F00E39CDE /* parstagramUITests */,
			);
		};
/* End PBXProject section */

/* Begin PBXResourcesBuildPhase section */
		252C5BE32636520C00E39CDE /* Resources */ = {
			isa = PBXResourcesBuildPhase;
			buildActionMask = 2147483647;
			files = (
				252C5BF52636520F00E39CDE /* LaunchScreen.storyboard in Resources */,
				252C5BF22636520F00E39CDE /* Assets.xcassets in Resources */,
				252C5BF02636520D00E39CDE /* Main.storyboard in Resources */,
			);
			runOnlyForDeploymentPostprocessing = 0;
		};
		252C5BF92636520F00E39CDE /* Resources */ = {
			isa = PBXResourcesBuildPhase;
			buildActionMask = 2147483647;
			files = (
			);
			runOnlyForDeploymentPostprocessing = 0;
		};
		252C5C042636520F00E39CDE /* Resources */ = {
			isa = PBXResourcesBuildPhase;
			buildActionMask = 2147483647;
			files = (
			);
			runOnlyForDeploymentPostprocessing = 0;
		};
/* End PBXResourcesBuildPhase section */

/* Begin PBXShellScriptBuildPhase section */
		1AD7D577C6C2336C64B0CAD0 /* [CP] Embed Pods Frameworks */ = {
			isa = PBXShellScriptBuildPhase;
			buildActionMask = 2147483647;
			files = (
			);
			inputFileListPaths = (
				"${PODS_ROOT}/Target Support Files/Pods-parstagram/Pods-parstagram-frameworks-${CONFIGURATION}-input-files.xcfilelist",
			);
			name = "[CP] Embed Pods Frameworks";
			outputFileListPaths = (
				"${PODS_ROOT}/Target Support Files/Pods-parstagram/Pods-parstagram-frameworks-${CONFIGURATION}-output-files.xcfilelist",
			);
			runOnlyForDeploymentPostprocessing = 0;
			shellPath = /bin/sh;
			shellScript = "\"${PODS_ROOT}/Target Support Files/Pods-parstagram/Pods-parstagram-frameworks.sh\"\n";
			showEnvVarsInLog = 0;
		};
		3E04AA9F07E8D9AF1C3707D0 /* [CP] Check Pods Manifest.lock */ = {
			isa = PBXShellScriptBuildPhase;
			buildActionMask = 2147483647;
			files = (
			);
			inputFileListPaths = (
			);
			inputPaths = (
				"${PODS_PODFILE_DIR_PATH}/Podfile.lock",
				"${PODS_ROOT}/Manifest.lock",
			);
			name = "[CP] Check Pods Manifest.lock";
			outputFileListPaths = (
			);
			outputPaths = (
				"$(DERIVED_FILE_DIR)/Pods-parstagram-checkManifestLockResult.txt",
			);
			runOnlyForDeploymentPostprocessing = 0;
			shellPath = /bin/sh;
			shellScript = "diff \"${PODS_PODFILE_DIR_PATH}/Podfile.lock\" \"${PODS_ROOT}/Manifest.lock\" > /dev/null\nif [ $? != 0 ] ; then\n    # print error to STDERR\n    echo \"error: The sandbox is not in sync with the Podfile.lock. Run 'pod install' or update your CocoaPods installation.\" >&2\n    exit 1\nfi\n# This output is used by Xcode 'outputs' to avoid re-running this script phase.\necho \"SUCCESS\" > \"${SCRIPT_OUTPUT_FILE_0}\"\n";
			showEnvVarsInLog = 0;
		};
		4AF5A283790C311250428700 /* [CP] Check Pods Manifest.lock */ = {
			isa = PBXShellScriptBuildPhase;
			buildActionMask = 2147483647;
			files = (
			);
			inputFileListPaths = (
			);
			inputPaths = (
				"${PODS_PODFILE_DIR_PATH}/Podfile.lock",
				"${PODS_ROOT}/Manifest.lock",
			);
			name = "[CP] Check Pods Manifest.lock";
			outputFileListPaths = (
			);
			outputPaths = (
				"$(DERIVED_FILE_DIR)/Pods-parstagram-parstagramUITests-checkManifestLockResult.txt",
			);
			runOnlyForDeploymentPostprocessing = 0;
			shellPath = /bin/sh;
			shellScript = "diff \"${PODS_PODFILE_DIR_PATH}/Podfile.lock\" \"${PODS_ROOT}/Manifest.lock\" > /dev/null\nif [ $? != 0 ] ; then\n    # print error to STDERR\n    echo \"error: The sandbox is not in sync with the Podfile.lock. Run 'pod install' or update your CocoaPods installation.\" >&2\n    exit 1\nfi\n# This output is used by Xcode 'outputs' to avoid re-running this script phase.\necho \"SUCCESS\" > \"${SCRIPT_OUTPUT_FILE_0}\"\n";
			showEnvVarsInLog = 0;
		};
		8264714601F173DE103ADB8A /* [CP] Embed Pods Frameworks */ = {
			isa = PBXShellScriptBuildPhase;
			buildActionMask = 2147483647;
			files = (
			);
			inputFileListPaths = (
				"${PODS_ROOT}/Target Support Files/Pods-parstagram-parstagramUITests/Pods-parstagram-parstagramUITests-frameworks-${CONFIGURATION}-input-files.xcfilelist",
			);
			name = "[CP] Embed Pods Frameworks";
			outputFileListPaths = (
				"${PODS_ROOT}/Target Support Files/Pods-parstagram-parstagramUITests/Pods-parstagram-parstagramUITests-frameworks-${CONFIGURATION}-output-files.xcfilelist",
			);
			runOnlyForDeploymentPostprocessing = 0;
			shellPath = /bin/sh;
			shellScript = "\"${PODS_ROOT}/Target Support Files/Pods-parstagram-parstagramUITests/Pods-parstagram-parstagramUITests-frameworks.sh\"\n";
			showEnvVarsInLog = 0;
		};
		E637A5CD78DEAD3D1568B8B0 /* [CP] Check Pods Manifest.lock */ = {
			isa = PBXShellScriptBuildPhase;
			buildActionMask = 2147483647;
			files = (
			);
			inputFileListPaths = (
			);
			inputPaths = (
				"${PODS_PODFILE_DIR_PATH}/Podfile.lock",
				"${PODS_ROOT}/Manifest.lock",
			);
			name = "[CP] Check Pods Manifest.lock";
			outputFileListPaths = (
			);
			outputPaths = (
				"$(DERIVED_FILE_DIR)/Pods-parstagramTests-checkManifestLockResult.txt",
			);
			runOnlyForDeploymentPostprocessing = 0;
			shellPath = /bin/sh;
			shellScript = "diff \"${PODS_PODFILE_DIR_PATH}/Podfile.lock\" \"${PODS_ROOT}/Manifest.lock\" > /dev/null\nif [ $? != 0 ] ; then\n    # print error to STDERR\n    echo \"error: The sandbox is not in sync with the Podfile.lock. Run 'pod install' or update your CocoaPods installation.\" >&2\n    exit 1\nfi\n# This output is used by Xcode 'outputs' to avoid re-running this script phase.\necho \"SUCCESS\" > \"${SCRIPT_OUTPUT_FILE_0}\"\n";
			showEnvVarsInLog = 0;
		};
/* End PBXShellScriptBuildPhase section */

/* Begin PBXSourcesBuildPhase section */
		252C5BE12636520C00E39CDE /* Sources */ = {
			isa = PBXSourcesBuildPhase;
			buildActionMask = 2147483647;
			files = (
				25EB0BFC263A26FD00383D6E /* LoginViewController.swift in Sources */,
				25F1A97F2640EC2F00A552D5 /* CameraViewController.swift in Sources */,
				252C5BE92636520C00E39CDE /* AppDelegate.swift in Sources */,
				25EB0C01263A270A00383D6E /* FeedViewController.swift in Sources */,
				252C5BEB2636520D00E39CDE /* SceneDelegate.swift in Sources */,
				25F1A98F2642660C00A552D5 /* PostCell.swift in Sources */,
				2525351D2648F84900A7D1AC /* CommentCell.swift in Sources */,
			);
			runOnlyForDeploymentPostprocessing = 0;
		};
		252C5BF72636520F00E39CDE /* Sources */ = {
			isa = PBXSourcesBuildPhase;
			buildActionMask = 2147483647;
			files = (
				252C5C002636520F00E39CDE /* parstagramTests.swift in Sources */,
			);
			runOnlyForDeploymentPostprocessing = 0;
		};
		252C5C022636520F00E39CDE /* Sources */ = {
			isa = PBXSourcesBuildPhase;
			buildActionMask = 2147483647;
			files = (
				252C5C0B2636520F00E39CDE /* parstagramUITests.swift in Sources */,
			);
			runOnlyForDeploymentPostprocessing = 0;
		};
/* End PBXSourcesBuildPhase section */

/* Begin PBXTargetDependency section */
		252C5BFD2636520F00E39CDE /* PBXTargetDependency */ = {
			isa = PBXTargetDependency;
			target = 252C5BE42636520C00E39CDE /* parstagram */;
			targetProxy = 252C5BFC2636520F00E39CDE /* PBXContainerItemProxy */;
		};
		252C5C082636520F00E39CDE /* PBXTargetDependency */ = {
			isa = PBXTargetDependency;
			target = 252C5BE42636520C00E39CDE /* parstagram */;
			targetProxy = 252C5C072636520F00E39CDE /* PBXContainerItemProxy */;
		};
/* End PBXTargetDependency section */

/* Begin PBXVariantGroup section */
		252C5BEE2636520D00E39CDE /* Main.storyboard */ = {
			isa = PBXVariantGroup;
			children = (
				252C5BEF2636520D00E39CDE /* Base */,
			);
			name = Main.storyboard;
			sourceTree = "<group>";
		};
		252C5BF32636520F00E39CDE /* LaunchScreen.storyboard */ = {
			isa = PBXVariantGroup;
			children = (
				252C5BF42636520F00E39CDE /* Base */,
			);
			name = LaunchScreen.storyboard;
			sourceTree = "<group>";
		};
/* End PBXVariantGroup section */

/* Begin XCBuildConfiguration section */
		252C5C0D2636520F00E39CDE /* Debug */ = {
			isa = XCBuildConfiguration;
			buildSettings = {
				ALWAYS_SEARCH_USER_PATHS = NO;
				CLANG_ANALYZER_NONNULL = YES;
				CLANG_ANALYZER_NUMBER_OBJECT_CONVERSION = YES_AGGRESSIVE;
				CLANG_CXX_LANGUAGE_STANDARD = "gnu++14";
				CLANG_CXX_LIBRARY = "libc++";
				CLANG_ENABLE_MODULES = YES;
				CLANG_ENABLE_OBJC_ARC = YES;
				CLANG_ENABLE_OBJC_WEAK = YES;
				CLANG_WARN_BLOCK_CAPTURE_AUTORELEASING = YES;
				CLANG_WARN_BOOL_CONVERSION = YES;
				CLANG_WARN_COMMA = YES;
				CLANG_WARN_CONSTANT_CONVERSION = YES;
				CLANG_WARN_DEPRECATED_OBJC_IMPLEMENTATIONS = YES;
				CLANG_WARN_DIRECT_OBJC_ISA_USAGE = YES_ERROR;
				CLANG_WARN_DOCUMENTATION_COMMENTS = YES;
				CLANG_WARN_EMPTY_BODY = YES;
				CLANG_WARN_ENUM_CONVERSION = YES;
				CLANG_WARN_INFINITE_RECURSION = YES;
				CLANG_WARN_INT_CONVERSION = YES;
				CLANG_WARN_NON_LITERAL_NULL_CONVERSION = YES;
				CLANG_WARN_OBJC_IMPLICIT_RETAIN_SELF = YES;
				CLANG_WARN_OBJC_LITERAL_CONVERSION = YES;
				CLANG_WARN_OBJC_ROOT_CLASS = YES_ERROR;
				CLANG_WARN_QUOTED_INCLUDE_IN_FRAMEWORK_HEADER = YES;
				CLANG_WARN_RANGE_LOOP_ANALYSIS = YES;
				CLANG_WARN_STRICT_PROTOTYPES = YES;
				CLANG_WARN_SUSPICIOUS_MOVE = YES;
				CLANG_WARN_UNGUARDED_AVAILABILITY = YES_AGGRESSIVE;
				CLANG_WARN_UNREACHABLE_CODE = YES;
				CLANG_WARN__DUPLICATE_METHOD_MATCH = YES;
				COPY_PHASE_STRIP = NO;
				DEBUG_INFORMATION_FORMAT = dwarf;
				ENABLE_STRICT_OBJC_MSGSEND = YES;
				ENABLE_TESTABILITY = YES;
				GCC_C_LANGUAGE_STANDARD = gnu11;
				GCC_DYNAMIC_NO_PIC = NO;
				GCC_NO_COMMON_BLOCKS = YES;
				GCC_OPTIMIZATION_LEVEL = 0;
				GCC_PREPROCESSOR_DEFINITIONS = (
					"DEBUG=1",
					"$(inherited)",
				);
				GCC_WARN_64_TO_32_BIT_CONVERSION = YES;
				GCC_WARN_ABOUT_RETURN_TYPE = YES_ERROR;
				GCC_WARN_UNDECLARED_SELECTOR = YES;
				GCC_WARN_UNINITIALIZED_AUTOS = YES_AGGRESSIVE;
				GCC_WARN_UNUSED_FUNCTION = YES;
				GCC_WARN_UNUSED_VARIABLE = YES;
				IPHONEOS_DEPLOYMENT_TARGET = 14.4;
				MTL_ENABLE_DEBUG_INFO = INCLUDE_SOURCE;
				MTL_FAST_MATH = YES;
				ONLY_ACTIVE_ARCH = YES;
				SDKROOT = iphoneos;
				SWIFT_ACTIVE_COMPILATION_CONDITIONS = DEBUG;
				SWIFT_OPTIMIZATION_LEVEL = "-Onone";
			};
			name = Debug;
		};
		252C5C0E2636520F00E39CDE /* Release */ = {
			isa = XCBuildConfiguration;
			buildSettings = {
				ALWAYS_SEARCH_USER_PATHS = NO;
				CLANG_ANALYZER_NONNULL = YES;
				CLANG_ANALYZER_NUMBER_OBJECT_CONVERSION = YES_AGGRESSIVE;
				CLANG_CXX_LANGUAGE_STANDARD = "gnu++14";
				CLANG_CXX_LIBRARY = "libc++";
				CLANG_ENABLE_MODULES = YES;
				CLANG_ENABLE_OBJC_ARC = YES;
				CLANG_ENABLE_OBJC_WEAK = YES;
				CLANG_WARN_BLOCK_CAPTURE_AUTORELEASING = YES;
				CLANG_WARN_BOOL_CONVERSION = YES;
				CLANG_WARN_COMMA = YES;
				CLANG_WARN_CONSTANT_CONVERSION = YES;
				CLANG_WARN_DEPRECATED_OBJC_IMPLEMENTATIONS = YES;
				CLANG_WARN_DIRECT_OBJC_ISA_USAGE = YES_ERROR;
				CLANG_WARN_DOCUMENTATION_COMMENTS = YES;
				CLANG_WARN_EMPTY_BODY = YES;
				CLANG_WARN_ENUM_CONVERSION = YES;
				CLANG_WARN_INFINITE_RECURSION = YES;
				CLANG_WARN_INT_CONVERSION = YES;
				CLANG_WARN_NON_LITERAL_NULL_CONVERSION = YES;
				CLANG_WARN_OBJC_IMPLICIT_RETAIN_SELF = YES;
				CLANG_WARN_OBJC_LITERAL_CONVERSION = YES;
				CLANG_WARN_OBJC_ROOT_CLASS = YES_ERROR;
				CLANG_WARN_QUOTED_INCLUDE_IN_FRAMEWORK_HEADER = YES;
				CLANG_WARN_RANGE_LOOP_ANALYSIS = YES;
				CLANG_WARN_STRICT_PROTOTYPES = YES;
				CLANG_WARN_SUSPICIOUS_MOVE = YES;
				CLANG_WARN_UNGUARDED_AVAILABILITY = YES_AGGRESSIVE;
				CLANG_WARN_UNREACHABLE_CODE = YES;
				CLANG_WARN__DUPLICATE_METHOD_MATCH = YES;
				COPY_PHASE_STRIP = NO;
				DEBUG_INFORMATION_FORMAT = "dwarf-with-dsym";
				ENABLE_NS_ASSERTIONS = NO;
				ENABLE_STRICT_OBJC_MSGSEND = YES;
				GCC_C_LANGUAGE_STANDARD = gnu11;
				GCC_NO_COMMON_BLOCKS = YES;
				GCC_WARN_64_TO_32_BIT_CONVERSION = YES;
				GCC_WARN_ABOUT_RETURN_TYPE = YES_ERROR;
				GCC_WARN_UNDECLARED_SELECTOR = YES;
				GCC_WARN_UNINITIALIZED_AUTOS = YES_AGGRESSIVE;
				GCC_WARN_UNUSED_FUNCTION = YES;
				GCC_WARN_UNUSED_VARIABLE = YES;
				IPHONEOS_DEPLOYMENT_TARGET = 14.4;
				MTL_ENABLE_DEBUG_INFO = NO;
				MTL_FAST_MATH = YES;
				SDKROOT = iphoneos;
				SWIFT_COMPILATION_MODE = wholemodule;
				SWIFT_OPTIMIZATION_LEVEL = "-O";
				VALIDATE_PRODUCT = YES;
			};
			name = Release;
		};
		252C5C102636520F00E39CDE /* Debug */ = {
			isa = XCBuildConfiguration;
			baseConfigurationReference = CBF3355E015211676A524C4A /* Pods-parstagram.debug.xcconfig */;
			buildSettings = {
				ASSETCATALOG_COMPILER_APPICON_NAME = AppIcon;
				ASSETCATALOG_COMPILER_GLOBAL_ACCENT_COLOR_NAME = AccentColor;
				CODE_SIGN_STYLE = Automatic;
				INFOPLIST_FILE = parstagram/Info.plist;
				LD_RUNPATH_SEARCH_PATHS = (
					"$(inherited)",
					"@executable_path/Frameworks",
				);
				PRODUCT_BUNDLE_IDENTIFIER = ljenn.parstagram;
				PRODUCT_NAME = "$(TARGET_NAME)";
				SWIFT_VERSION = 5.0;
				TARGETED_DEVICE_FAMILY = "1,2";
			};
			name = Debug;
		};
		252C5C112636520F00E39CDE /* Release */ = {
			isa = XCBuildConfiguration;
			baseConfigurationReference = 37E018B4523A62363125D4AA /* Pods-parstagram.release.xcconfig */;
			buildSettings = {
				ASSETCATALOG_COMPILER_APPICON_NAME = AppIcon;
				ASSETCATALOG_COMPILER_GLOBAL_ACCENT_COLOR_NAME = AccentColor;
				CODE_SIGN_STYLE = Automatic;
				INFOPLIST_FILE = parstagram/Info.plist;
				LD_RUNPATH_SEARCH_PATHS = (
					"$(inherited)",
					"@executable_path/Frameworks",
				);
				PRODUCT_BUNDLE_IDENTIFIER = ljenn.parstagram;
				PRODUCT_NAME = "$(TARGET_NAME)";
				SWIFT_VERSION = 5.0;
				TARGETED_DEVICE_FAMILY = "1,2";
			};
			name = Release;
		};
		252C5C132636520F00E39CDE /* Debug */ = {
			isa = XCBuildConfiguration;
			baseConfigurationReference = 645E324688E85BCF4683BD87 /* Pods-parstagramTests.debug.xcconfig */;
			buildSettings = {
				ALWAYS_EMBED_SWIFT_STANDARD_LIBRARIES = YES;
				BUNDLE_LOADER = "$(TEST_HOST)";
				CODE_SIGN_STYLE = Automatic;
				INFOPLIST_FILE = parstagramTests/Info.plist;
				IPHONEOS_DEPLOYMENT_TARGET = 14.4;
				LD_RUNPATH_SEARCH_PATHS = (
					"$(inherited)",
					"@executable_path/Frameworks",
					"@loader_path/Frameworks",
				);
				PRODUCT_BUNDLE_IDENTIFIER = ljenn.parstagramTests;
				PRODUCT_NAME = "$(TARGET_NAME)";
				SWIFT_VERSION = 5.0;
				TARGETED_DEVICE_FAMILY = "1,2";
				TEST_HOST = "$(BUILT_PRODUCTS_DIR)/parstagram.app/parstagram";
			};
			name = Debug;
		};
		252C5C142636520F00E39CDE /* Release */ = {
			isa = XCBuildConfiguration;
			baseConfigurationReference = 477398DAE237A4AEC291EB5F /* Pods-parstagramTests.release.xcconfig */;
			buildSettings = {
				ALWAYS_EMBED_SWIFT_STANDARD_LIBRARIES = YES;
				BUNDLE_LOADER = "$(TEST_HOST)";
				CODE_SIGN_STYLE = Automatic;
				INFOPLIST_FILE = parstagramTests/Info.plist;
				IPHONEOS_DEPLOYMENT_TARGET = 14.4;
				LD_RUNPATH_SEARCH_PATHS = (
					"$(inherited)",
					"@executable_path/Frameworks",
					"@loader_path/Frameworks",
				);
				PRODUCT_BUNDLE_IDENTIFIER = ljenn.parstagramTests;
				PRODUCT_NAME = "$(TARGET_NAME)";
				SWIFT_VERSION = 5.0;
				TARGETED_DEVICE_FAMILY = "1,2";
				TEST_HOST = "$(BUILT_PRODUCTS_DIR)/parstagram.app/parstagram";
			};
			name = Release;
		};
		252C5C162636520F00E39CDE /* Debug */ = {
			isa = XCBuildConfiguration;
			baseConfigurationReference = 819462D215CC9C711F861638 /* Pods-parstagram-parstagramUITests.debug.xcconfig */;
			buildSettings = {
				ALWAYS_EMBED_SWIFT_STANDARD_LIBRARIES = YES;
				CODE_SIGN_STYLE = Automatic;
				INFOPLIST_FILE = parstagramUITests/Info.plist;
				LD_RUNPATH_SEARCH_PATHS = (
					"$(inherited)",
					"@executable_path/Frameworks",
					"@loader_path/Frameworks",
				);
				PRODUCT_BUNDLE_IDENTIFIER = ljenn.parstagramUITests;
				PRODUCT_NAME = "$(TARGET_NAME)";
				SWIFT_VERSION = 5.0;
				TARGETED_DEVICE_FAMILY = "1,2";
				TEST_TARGET_NAME = parstagram;
			};
			name = Debug;
		};
		252C5C172636520F00E39CDE /* Release */ = {
			isa = XCBuildConfiguration;
			baseConfigurationReference = A28A455B7BB5A3F532E280D7 /* Pods-parstagram-parstagramUITests.release.xcconfig */;
			buildSettings = {
				ALWAYS_EMBED_SWIFT_STANDARD_LIBRARIES = YES;
				CODE_SIGN_STYLE = Automatic;
				INFOPLIST_FILE = parstagramUITests/Info.plist;
				LD_RUNPATH_SEARCH_PATHS = (
					"$(inherited)",
					"@executable_path/Frameworks",
					"@loader_path/Frameworks",
				);
				PRODUCT_BUNDLE_IDENTIFIER = ljenn.parstagramUITests;
				PRODUCT_NAME = "$(TARGET_NAME)";
				SWIFT_VERSION = 5.0;
				TARGETED_DEVICE_FAMILY = "1,2";
				TEST_TARGET_NAME = parstagram;
			};
			name = Release;
		};
/* End XCBuildConfiguration section */

/* Begin XCConfigurationList section */
		252C5BE02636520C00E39CDE /* Build configuration list for PBXProject "parstagram" */ = {
			isa = XCConfigurationList;
			buildConfigurations = (
				252C5C0D2636520F00E39CDE /* Debug */,
				252C5C0E2636520F00E39CDE /* Release */,
			);
			defaultConfigurationIsVisible = 0;
			defaultConfigurationName = Release;
		};
		252C5C0F2636520F00E39CDE /* Build configuration list for PBXNativeTarget "parstagram" */ = {
			isa = XCConfigurationList;
			buildConfigurations = (
				252C5C102636520F00E39CDE /* Debug */,
				252C5C112636520F00E39CDE /* Release */,
			);
			defaultConfigurationIsVisible = 0;
			defaultConfigurationName = Release;
		};
		252C5C122636520F00E39CDE /* Build configuration list for PBXNativeTarget "parstagramTests" */ = {
			isa = XCConfigurationList;
			buildConfigurations = (
				252C5C132636520F00E39CDE /* Debug */,
				252C5C142636520F00E39CDE /* Release */,
			);
			defaultConfigurationIsVisible = 0;
			defaultConfigurationName = Release;
		};
		252C5C152636520F00E39CDE /* Build configuration list for PBXNativeTarget "parstagramUITests" */ = {
			isa = XCConfigurationList;
			buildConfigurations = (
				252C5C162636520F00E39CDE /* Debug */,
				252C5C172636520F00E39CDE /* Release */,
			);
			defaultConfigurationIsVisible = 0;
			defaultConfigurationName = Release;
		};
/* End XCConfigurationList section */
	};
	rootObject = 252C5BDD2636520C00E39CDE /* Project object */;
}
